
Microsoft Visual Studio Solution File, Format Version 12.00
# Visual Studio Version 17
VisualStudioVersion = 17.4.33213.308
MinimumVisualStudioVersion = 10.0.40219.1
Project("{FAE04EC0-301F-11D3-BF4B-00C04F79EFBC}") = "teinekurs_isikukood", "teinekurs_isikukood\teinekurs_isikukood.csproj", "{C4E792F6-B01D-47AA-A92E-4F379739BCE3}"
EndProject
Global
	GlobalSection(SolutionConfigurationPlatforms) = preSolution
		Debug|Any CPU = Debug|Any CPU
		Release|Any CPU = Release|Any CPU
	EndGlobalSection
	GlobalSection(ProjectConfigurationPlatforms) = postSolution
		{C4E792F6-B01D-47AA-A92E-4F379739BCE3}.Debug|Any CPU.ActiveCfg = Debug|Any CPU
		{C4E792F6-B01D-47AA-A92E-4F379739BCE3}.Debug|Any CPU.Build.0 = Debug|Any CPU
		{C4E792F6-B01D-47AA-A92E-4F379739BCE3}.Release|Any CPU.ActiveCfg = Release|Any CPU
		{C4E792F6-B01D-47AA-A92E-4F379739BCE3}.Release|Any CPU.Build.0 = Release|Any CPU
	EndGlobalSection
	GlobalSection(SolutionProperties) = preSolution
		HideSolutionNode = FALSE
	EndGlobalSection
	GlobalSection(ExtensibilityGlobals) = postSolution
		SolutionGuid = {6EDB1C92-4B54-4516-A864-AF2F6833E240}
	EndGlobalSection
EndGlobal
